// !$*UTF8*$!
{
	archiveVersion = 1;
	classes = {
	};
	objectVersion = 77;
	objects = {

/* Begin PBXBuildFile section */
		F3C039E4301516C3002FC2F8 /* LoginView.swift in Sources */ = {isa = PBXBuildFile; fileRef = F3C039E130150EC2002FC2F8 /* LoginView.swift */; };
		F3C039E730151C29002FC2F8 /* APIClient.swift in Sources */ = {isa = PBXBuildFile; fileRef = F3C039DF30150CE6002FC2F8 /* APIClient.swift */; };
		F3C039EB3015208A002FC2F8 /* PurchaseOrder.swift in Sources */ = {isa = PBXBuildFile; fileRef = F3C039EA30152087002FC2F8 /* PurchaseOrder.swift */; };
		F3C039ED3015213C002FC2F8 /* PurchaseOrderListView.swift in Sources */ = {isa = PBXBuildFile; fileRef = F3C039EC3015213A002FC2F8 /* PurchaseOrderListView.swift */; };
		F3C039EF301525C5002FC2F8 /* PurchaseOrderDetailView.swift in Sources */ = {isa = PBXBuildFile; fileRef = F3C039EE301525C2002FC2F8 /* PurchaseOrderDetailView.swift */; };
		F3C039F130155A1B002FC2F8 /* CreatePurchaseOrderView.swift in Sources */ = {isa = PBXBuildFile; fileRef = F3C039F030155A14002FC2F8 /* CreatePurchaseOrderView.swift */; };
		F3C039F630156737002FC2F8 /* RiskStatus.swift in Sources */ = {isa = PBXBuildFile; fileRef = F3C039F43015669E002FC2F8 /* RiskStatus.swift */; };
		F3C039F73015673E002FC2F8 /* StatusBadge.swift in Sources */ = {isa = PBXBuildFile; fileRef = F3C039F5301566BC002FC2F8 /* StatusBadge.swift */; };
		F3C039FB30163AFB002FC2F8 /* CreateExceptionRequestView.swift in Sources */ = {isa = PBXBuildFile; fileRef = F3C039FA30163AF9002FC2F8 /* CreateExceptionRequestView.swift */; };
		F3C039FD30165C87002FC2F8 /* AuditLogView.swift in Sources */ = {isa = PBXBuildFile; fileRef = F3C039FC30165C85002FC2F8 /* AuditLogView.swift */; };
		F3C039FF30167A63002FC2F8 /* DashboardView.swift in Sources */ = {isa = PBXBuildFile; fileRef = F3C039FE30167A61002FC2F8 /* DashboardView.swift */; };
/* End PBXBuildFile section */

/* Begin PBXContainerItemProxy section */
		F3C039C230150B02002FC2F8 /* PBXContainerItemProxy */ = {
			isa = PBXContainerItemProxy;
			containerPortal = F3C039AB30150B01002FC2F8 /* Project object */;
			proxyType = 1;
			remoteGlobalIDString = F3C039B230150B01002FC2F8;
			remoteInfo = ProcureGate;
		};
		F3C039CC30150B02002FC2F8 /* PBXContainerItemProxy */ = {
			isa = PBXContainerItemProxy;
			containerPortal = F3C039AB30150B01002FC2F8 /* Project object */;
			proxyType = 1;
			remoteGlobalIDString = F3C039B230150B01002FC2F8;
			remoteInfo = ProcureGate;
		};
/* End PBXContainerItemProxy section */

/* Begin PBXFileReference section */
		F3C039B330150B01002FC2F8 /* ProcureGate.app */ = {isa = PBXFileReference; explicitFileType = wrapper.application; includeInIndex = 0; path = ProcureGate.app; sourceTree = BUILT_PRODUCTS_DIR; };
		F3C039C130150B02002FC2F8 /* ProcureGateTests.xctest */ = {isa = PBXFileReference; explicitFileType = wrapper.cfbundle; includeInIndex = 0; path = ProcureGateTests.xctest; sourceTree = BUILT_PRODUCTS_DIR; };
		F3C039CB30150B02002FC2F8 /* ProcureGateUITests.xctest */ = {isa = PBXFileReference; explicitFileType = wrapper.cfbundle; includeInIndex = 0; path = ProcureGateUITests.xctest; sourceTree = BUILT_PRODUCTS_DIR; };
		F3C039DF30150CE6002FC2F8 /* APIClient.swift */ = {isa = PBXFileReference; lastKnownFileType = sourcecode.swift; path = APIClient.swift; sourceTree = "<group>"; };
		F3C039E130150EC2002FC2F8 /* LoginView.swift */ = {isa = PBXFileReference; lastKnownFileType = sourcecode.swift; path = LoginView.swift; sourceTree = "<group>"; };
		F3C039EA30152087002FC2F8 /* PurchaseOrder.swift */ = {isa = PBXFileReference; lastKnownFileType = sourcecode.swift; path = PurchaseOrder.swift; sourceTree = "<group>"; };
		F3C039EC3015213A002FC2F8 /* PurchaseOrderListView.swift */ = {isa = PBXFileReference; lastKnownFileType = sourcecode.swift; path = PurchaseOrderListView.swift; sourceTree = "<group>"; };
		F3C039EE301525C2002FC2F8 /* PurchaseOrderDetailView.swift */ = {isa = PBXFileReference; lastKnownFileType = sourcecode.swift; path = PurchaseOrderDetailView.swift; sourceTree = "<group>"; };
		F3C039F030155A14002FC2F8 /* CreatePurchaseOrderView.swift */ = {isa = PBXFileReference; lastKnownFileType = sourcecode.swift; path = CreatePurchaseOrderView.swift; sourceTree = "<group>"; };
		F3C039F43015669E002FC2F8 /* RiskStatus.swift */ = {isa = PBXFileReference; lastKnownFileType = sourcecode.swift; path = RiskStatus.swift; sourceTree = "<group>"; };
		F3C039F5301566BC002FC2F8 /* StatusBadge.swift */ = {isa = PBXFileReference; lastKnownFileType = sourcecode.swift; path = StatusBadge.swift; sourceTree = "<group>"; };
		F3C039FA30163AF9002FC2F8 /* CreateExceptionRequestView.swift */ = {isa = PBXFileReference; lastKnownFileType = sourcecode.swift; path = CreateExceptionRequestView.swift; sourceTree = "<group>"; };
		F3C039FC30165C85002FC2F8 /* AuditLogView.swift */ = {isa = PBXFileReference; lastKnownFileType = sourcecode.swift; path = AuditLogView.swift; sourceTree = "<group>"; };
		F3C039FE30167A61002FC2F8 /* DashboardView.swift */ = {isa = PBXFileReference; lastKnownFileType = sourcecode.swift; path = DashboardView.swift; sourceTree = "<group>"; };
/* End PBXFileReference section */

/* Begin PBXFileSystemSynchronizedBuildFileExceptionSet section */
		F3C039E3301512CC002FC2F8 /* Exceptions for "ProcureGate" folder in "ProcureGate" target */ = {
			isa = PBXFileSystemSynchronizedBuildFileExceptionSet;
			membershipExceptions = (
				Info.plist,
			);
			target = F3C039B230150B01002FC2F8 /* ProcureGate */;
		};
/* End PBXFileSystemSynchronizedBuildFileExceptionSet section */

/* Begin PBXFileSystemSynchronizedRootGroup section */
		F3C039B530150B01002FC2F8 /* ProcureGate */ = {
			isa = PBXFileSystemSynchronizedRootGroup;
			exceptions = (
				F3C039E3301512CC002FC2F8 /* Exceptions for "ProcureGate" folder in "ProcureGate" target */,
			);
			path = ProcureGate;
			sourceTree = "<group>";
		};
		F3C039C430150B02002FC2F8 /* ProcureGateTests */ = {
			isa = PBXFileSystemSynchronizedRootGroup;
			path = ProcureGateTests;
			sourceTree = "<group>";
		};
		F3C039CE30150B02002FC2F8 /* ProcureGateUITests */ = {
			isa = PBXFileSystemSynchronizedRootGroup;
			path = ProcureGateUITests;
			sourceTree = "<group>";
		};
/* End PBXFileSystemSynchronizedRootGroup section */

/* Begin PBXFrameworksBuildPhase section */
		F3C039B030150B01002FC2F8 /* Frameworks */ = {
			isa = PBXFrameworksBuildPhase;
			buildActionMask = 2147483647;
			files = (
			);
			runOnlyForDeploymentPostprocessing = 0;
		};
		F3C039BE30150B02002FC2F8 /* Frameworks */ = {
			isa = PBXFrameworksBuildPhase;
			buildActionMask = 2147483647;
			files = (
			);
			runOnlyForDeploymentPostprocessing = 0;
		};
		F3C039C830150B02002FC2F8 /* Frameworks */ = {
			isa = PBXFrameworksBuildPhase;
			buildActionMask = 2147483647;
			files = (
			);
			runOnlyForDeploymentPostprocessing = 0;
		};
/* End PBXFrameworksBuildPhase section */

/* Begin PBXGroup section */
		F3C039AA30150B01002FC2F8 = {
			isa = PBXGroup;
			children = (
				F3C039F23015667F002FC2F8 /* DesignSystem */,
				F3C039E030150EA4002FC2F8 /* View */,
				F3C039DE30150CCF002FC2F8 /* Networking */,
				F3C039B530150B01002FC2F8 /* ProcureGate */,
				F3C039C430150B02002FC2F8 /* ProcureGateTests */,
				F3C039CE30150B02002FC2F8 /* ProcureGateUITests */,
				F3C039B430150B01002FC2F8 /* Products */,
			);
			sourceTree = "<group>";
		};
		F3C039B430150B01002FC2F8 /* Products */ = {
			isa = PBXGroup;
			children = (
				F3C039B330150B01002FC2F8 /* ProcureGate.app */,
				F3C039C130150B02002FC2F8 /* ProcureGateTests.xctest */,
				F3C039CB30150B02002FC2F8 /* ProcureGateUITests.xctest */,
			);
			name = Products;
			sourceTree = "<group>";
		};
		F3C039DE30150CCF002FC2F8 /* Networking */ = {
			isa = PBXGroup;
			children = (
				F3C039EA30152087002FC2F8 /* PurchaseOrder.swift */,
				F3C039DF30150CE6002FC2F8 /* APIClient.swift */,
			);
			path = Networking;
			sourceTree = "<group>";
		};
		F3C039E030150EA4002FC2F8 /* View */ = {
			isa = PBXGroup;
			children = (
				F3C039FE30167A61002FC2F8 /* DashboardView.swift */,
				F3C039FC30165C85002FC2F8 /* AuditLogView.swift */,
				F3C039FA30163AF9002FC2F8 /* CreateExceptionRequestView.swift */,
				F3C039F030155A14002FC2F8 /* CreatePurchaseOrderView.swift */,
				F3C039EE301525C2002FC2F8 /* PurchaseOrderDetailView.swift */,
				F3C039EC3015213A002FC2F8 /* PurchaseOrderListView.swift */,
				F3C039E130150EC2002FC2F8 /* LoginView.swift */,
				F3C039F5301566BC002FC2F8 /* StatusBadge.swift */,
			);
			path = View;
			sourceTree = "<group>";
		};
		F3C039F23015667F002FC2F8 /* DesignSystem */ = {
			isa = PBXGroup;
			children = (
				F3C039F43015669E002FC2F8 /* RiskStatus.swift */,
			);
			path = DesignSystem;
			sourceTree = "<group>";
		};
/* End PBXGroup section */

/* Begin PBXNativeTarget section */
		F3C039B230150B01002FC2F8 /* ProcureGate */ = {
			isa = PBXNativeTarget;
			buildConfigurationList = F3C039D530150B02002FC2F8 /* Build configuration list for PBXNativeTarget "ProcureGate" */;
			buildPhases = (
				F3C039AF30150B01002FC2F8 /* Sources */,
				F3C039B030150B01002FC2F8 /* Frameworks */,
				F3C039B130150B01002FC2F8 /* Resources */,
			);
			buildRules = (
			);
			dependencies = (
			);
			fileSystemSynchronizedGroups = (
				F3C039B530150B01002FC2F8 /* ProcureGate */,
			);
			name = ProcureGate;
			packageProductDependencies = (
			);
			productName = ProcureGate;
			productReference = F3C039B330150B01002FC2F8 /* ProcureGate.app */;
			productType = "com.apple.product-type.application";
		};
		F3C039C030150B02002FC2F8 /* ProcureGateTests */ = {
			isa = PBXNativeTarget;
			buildConfigurationList = F3C039D830150B02002FC2F8 /* Build configuration list for PBXNativeTarget "ProcureGateTests" */;
			buildPhases = (
				F3C039BD30150B02002FC2F8 /* Sources */,
				F3C039BE30150B02002FC2F8 /* Frameworks */,
				F3C039BF30150B02002FC2F8 /* Resources */,
			);
			buildRules = (
			);
			dependencies = (
				F3C039C330150B02002FC2F8 /* PBXTargetDependency */,
			);
			fileSystemSynchronizedGroups = (
				F3C039C430150B02002FC2F8 /* ProcureGateTests */,
			);
			name = ProcureGateTests;
			packageProductDependencies = (
			);
			productName = ProcureGateTests;
			productReference = F3C039C130150B02002FC2F8 /* ProcureGateTests.xctest */;
			productType = "com.apple.product-type.bundle.unit-test";
		};
		F3C039CA30150B02002FC2F8 /* ProcureGateUITests */ = {
			isa = PBXNativeTarget;
			buildConfigurationList = F3C039DB30150B02002FC2F8 /* Build configuration list for PBXNativeTarget "ProcureGateUITests" */;
			buildPhases = (
				F3C039C730150B02002FC2F8 /* Sources */,
				F3C039C830150B02002FC2F8 /* Frameworks */,
				F3C039C930150B02002FC2F8 /* Resources */,
			);
			buildRules = (
			);
			dependencies = (
				F3C039CD30150B02002FC2F8 /* PBXTargetDependency */,
			);
			fileSystemSynchronizedGroups = (
				F3C039CE30150B02002FC2F8 /* ProcureGateUITests */,
			);
			name = ProcureGateUITests;
			packageProductDependencies = (
			);
			productName = ProcureGateUITests;
			productReference = F3C039CB30150B02002FC2F8 /* ProcureGateUITests.xctest */;
			productType = "com.apple.product-type.bundle.ui-testing";
		};
/* End PBXNativeTarget section */

/* Begin PBXProject section */
		F3C039AB30150B01002FC2F8 /* Project object */ = {
			isa = PBXProject;
			attributes = {
				BuildIndependentTargetsInParallel = 1;
				LastSwiftUpdateCheck = 1640;
				LastUpgradeCheck = 1640;
				TargetAttributes = {
					F3C039B230150B01002FC2F8 = {
						CreatedOnToolsVersion = 16.4;
					};
					F3C039C030150B02002FC2F8 = {
						CreatedOnToolsVersion = 16.4;
						TestTargetID = F3C039B230150B01002FC2F8;
					};
					F3C039CA30150B02002FC2F8 = {
						CreatedOnToolsVersion = 16.4;
						TestTargetID = F3C039B230150B01002FC2F8;
					};
				};
			};
			buildConfigurationList = F3C039AE30150B01002FC2F8 /* Build configuration list for PBXProject "ProcureGate" */;
			developmentRegion = en;
			hasScannedForEncodings = 0;
			knownRegions = (
				en,
				Base,
			);
			mainGroup = F3C039AA30150B01002FC2F8;
			minimizedProjectReferenceProxies = 1;
			preferredProjectObjectVersion = 77;
			productRefGroup = F3C039B430150B01002FC2F8 /* Products */;
			projectDirPath = "";
			projectRoot = "";
			targets = (
				F3C039B230150B01002FC2F8 /* ProcureGate */,
				F3C039C030150B02002FC2F8 /* ProcureGateTests */,
				F3C039CA30150B02002FC2F8 /* ProcureGateUITests */,
			);
		};
/* End PBXProject section */

/* Begin PBXResourcesBuildPhase section */
		F3C039B130150B01002FC2F8 /* Resources */ = {
			isa = PBXResourcesBuildPhase;
			buildActionMask = 2147483647;
			files = (
			);
			runOnlyForDeploymentPostprocessing = 0;
		};
		F3C039BF30150B02002FC2F8 /* Resources */ = {
			isa = PBXResourcesBuildPhase;
			buildActionMask = 2147483647;
			files = (
			);
			runOnlyForDeploymentPostprocessing = 0;
		};
		F3C039C930150B02002FC2F8 /* Resources */ = {
			isa = PBXResourcesBuildPhase;
			buildActionMask = 2147483647;
			files = (
			);
			runOnlyForDeploymentPostprocessing = 0;
		};
/* End PBXResourcesBuildPhase section */

/* Begin PBXSourcesBuildPhase section */
		F3C039AF30150B01002FC2F8 /* Sources */ = {
			isa = PBXSourcesBuildPhase;
			buildActionMask = 2147483647;
			files = (
				F3C039E4301516C3002FC2F8 /* LoginView.swift in Sources */,
				F3C039FB30163AFB002FC2F8 /* CreateExceptionRequestView.swift in Sources */,
				F3C039F630156737002FC2F8 /* RiskStatus.swift in Sources */,
				F3C039ED3015213C002FC2F8 /* PurchaseOrderListView.swift in Sources */,
				F3C039EF301525C5002FC2F8 /* PurchaseOrderDetailView.swift in Sources */,
				F3C039F73015673E002FC2F8 /* StatusBadge.swift in Sources */,
				F3C039EB3015208A002FC2F8 /* PurchaseOrder.swift in Sources */,
				F3C039FD30165C87002FC2F8 /* AuditLogView.swift in Sources */,
				F3C039F130155A1B002FC2F8 /* CreatePurchaseOrderView.swift in Sources */,
				F3C039FF30167A63002FC2F8 /* DashboardView.swift in Sources */,
				F3C039E730151C29002FC2F8 /* APIClient.swift in Sources */,
			);
			runOnlyForDeploymentPostprocessing = 0;
		};
		F3C039BD30150B02002FC2F8 /* Sources */ = {
			isa = PBXSourcesBuildPhase;
			buildActionMask = 2147483647;
			files = (
			);
			runOnlyForDeploymentPostprocessing = 0;
		};
		F3C039C730150B02002FC2F8 /* Sources */ = {
			isa = PBXSourcesBuildPhase;
			buildActionMask = 2147483647;
			files = (
			);
			runOnlyForDeploymentPostprocessing = 0;
		};
/* End PBXSourcesBuildPhase section */

/* Begin PBXTargetDependency section */
		F3C039C330150B02002FC2F8 /* PBXTargetDependency */ = {
			isa = PBXTargetDependency;
			target = F3C039B230150B01002FC2F8 /* ProcureGate */;
			targetProxy = F3C039C230150B02002FC2F8 /* PBXContainerItemProxy */;
		};
		F3C039CD30150B02002FC2F8 /* PBXTargetDependency */ = {
			isa = PBXTargetDependency;
			target = F3C039B230150B01002FC2F8 /* ProcureGate */;
			targetProxy = F3C039CC30150B02002FC2F8 /* PBXContainerItemProxy */;
		};
/* End PBXTargetDependency section */

/* Begin XCBuildConfiguration section */
		F3C039D330150B02002FC2F8 /* Debug */ = {
			isa = XCBuildConfiguration;
			buildSettings = {
				ALWAYS_SEARCH_USER_PATHS = NO;
				ASSETCATALOG_COMPILER_GENERATE_SWIFT_ASSET_SYMBOL_EXTENSIONS = YES;
				CLANG_ANALYZER_NONNULL = YES;
				CLANG_ANALYZER_NUMBER_OBJECT_CONVERSION = YES_AGGRESSIVE;
				CLANG_CXX_LANGUAGE_STANDARD = "gnu++20";
				CLANG_ENABLE_MODULES = YES;
				CLANG_ENABLE_OBJC_ARC = YES;
				CLANG_ENABLE_OBJC_WEAK = YES;
				CLANG_WARN_BLOCK_CAPTURE_AUTORELEASING = YES;
				CLANG_WARN_BOOL_CONVERSION = YES;
				CLANG_WARN_COMMA = YES;
				CLANG_WARN_CONSTANT_CONVERSION = YES;
				CLANG_WARN_DEPRECATED_OBJC_IMPLEMENTATIONS = YES;
				CLANG_WARN_DIRECT_OBJC_ISA_USAGE = YES_ERROR;
				CLANG_WARN_DOCUMENTATION_COMMENTS = YES;
				CLANG_WARN_EMPTY_BODY = YES;
				CLANG_WARN_ENUM_CONVERSION = YES;
				CLANG_WARN_INFINITE_RECURSION = YES;
				CLANG_WARN_INT_CONVERSION = YES;
				CLANG_WARN_NON_LITERAL_NULL_CONVERSION = YES;
				CLANG_WARN_OBJC_IMPLICIT_RETAIN_SELF = YES;
				CLANG_WARN_OBJC_LITERAL_CONVERSION = YES;
				CLANG_WARN_OBJC_ROOT_CLASS = YES_ERROR;
				CLANG_WARN_QUOTED_INCLUDE_IN_FRAMEWORK_HEADER = YES;
				CLANG_WARN_RANGE_LOOP_ANALYSIS = YES;
				CLANG_WARN_STRICT_PROTOTYPES = YES;
				CLANG_WARN_SUSPICIOUS_MOVE = YES;
				CLANG_WARN_UNGUARDED_AVAILABILITY = YES_AGGRESSIVE;
				CLANG_WARN_UNREACHABLE_CODE = YES;
				CLANG_WARN__DUPLICATE_METHOD_MATCH = YES;
				COPY_PHASE_STRIP = NO;
				DEBUG_INFORMATION_FORMAT = dwarf;
				DEVELOPMENT_TEAM = T5543525Z3;
				ENABLE_STRICT_OBJC_MSGSEND = YES;
				ENABLE_TESTABILITY = YES;
				ENABLE_USER_SCRIPT_SANDBOXING = YES;
				GCC_C_LANGUAGE_STANDARD = gnu17;
				GCC_DYNAMIC_NO_PIC = NO;
				GCC_NO_COMMON_BLOCKS = YES;
				GCC_OPTIMIZATION_LEVEL = 0;
				GCC_PREPROCESSOR_DEFINITIONS = (
					"DEBUG=1",
					"$(inherited)",
				);
				GCC_WARN_64_TO_32_BIT_CONVERSION = YES;
				GCC_WARN_ABOUT_RETURN_TYPE = YES_ERROR;
				GCC_WARN_UNDECLARED_SELECTOR = YES;
				GCC_WARN_UNINITIALIZED_AUTOS = YES_AGGRESSIVE;
				GCC_WARN_UNUSED_FUNCTION = YES;
				GCC_WARN_UNUSED_VARIABLE = YES;
				LOCALIZATION_PREFERS_STRING_CATALOGS = YES;
				MTL_ENABLE_DEBUG_INFO = INCLUDE_SOURCE;
				MTL_FAST_MATH = YES;
				ONLY_ACTIVE_ARCH = YES;
				SWIFT_ACTIVE_COMPILATION_CONDITIONS = "DEBUG $(inherited)";
				SWIFT_OPTIMIZATION_LEVEL = "-Onone";
			};
			name = Debug;
		};
		F3C039D430150B02002FC2F8 /* Release */ = {
			isa = XCBuildConfiguration;
			buildSettings = {
				ALWAYS_SEARCH_USER_PATHS = NO;
				ASSETCATALOG_COMPILER_GENERATE_SWIFT_ASSET_SYMBOL_EXTENSIONS = YES;
				CLANG_ANALYZER_NONNULL = YES;
				CLANG_ANALYZER_NUMBER_OBJECT_CONVERSION = YES_AGGRESSIVE;
				CLANG_CXX_LANGUAGE_STANDARD = "gnu++20";
				CLANG_ENABLE_MODULES = YES;
				CLANG_ENABLE_OBJC_ARC = YES;
				CLANG_ENABLE_OBJC_WEAK = YES;
				CLANG_WARN_BLOCK_CAPTURE_AUTORELEASING = YES;
				CLANG_WARN_BOOL_CONVERSION = YES;
				CLANG_WARN_COMMA = YES;
				CLANG_WARN_CONSTANT_CONVERSION = YES;
				CLANG_WARN_DEPRECATED_OBJC_IMPLEMENTATIONS = YES;
				CLANG_WARN_DIRECT_OBJC_ISA_USAGE = YES_ERROR;
				CLANG_WARN_DOCUMENTATION_COMMENTS = YES;
				CLANG_WARN_EMPTY_BODY = YES;
				CLANG_WARN_ENUM_CONVERSION = YES;
				CLANG_WARN_INFINITE_RECURSION = YES;
				CLANG_WARN_INT_CONVERSION = YES;
				CLANG_WARN_NON_LITERAL_NULL_CONVERSION = YES;
				CLANG_WARN_OBJC_IMPLICIT_RETAIN_SELF = YES;
				CLANG_WARN_OBJC_LITERAL_CONVERSION = YES;
				CLANG_WARN_OBJC_ROOT_CLASS = YES_ERROR;
				CLANG_WARN_QUOTED_INCLUDE_IN_FRAMEWORK_HEADER = YES;
				CLANG_WARN_RANGE_LOOP_ANALYSIS = YES;
				CLANG_WARN_STRICT_PROTOTYPES = YES;
				CLANG_WARN_SUSPICIOUS_MOVE = YES;
				CLANG_WARN_UNGUARDED_AVAILABILITY = YES_AGGRESSIVE;
				CLANG_WARN_UNREACHABLE_CODE = YES;
				CLANG_WARN__DUPLICATE_METHOD_MATCH = YES;
				COPY_PHASE_STRIP = NO;
				DEBUG_INFORMATION_FORMAT = "dwarf-with-dsym";
				DEVELOPMENT_TEAM = T5543525Z3;
				ENABLE_NS_ASSERTIONS = NO;
				ENABLE_STRICT_OBJC_MSGSEND = YES;
				ENABLE_USER_SCRIPT_SANDBOXING = YES;
				GCC_C_LANGUAGE_STANDARD = gnu17;
				GCC_NO_COMMON_BLOCKS = YES;
				GCC_WARN_64_TO_32_BIT_CONVERSION = YES;
				GCC_WARN_ABOUT_RETURN_TYPE = YES_ERROR;
				GCC_WARN_UNDECLARED_SELECTOR = YES;
				GCC_WARN_UNINITIALIZED_AUTOS = YES_AGGRESSIVE;
				GCC_WARN_UNUSED_FUNCTION = YES;
				GCC_WARN_UNUSED_VARIABLE = YES;
				LOCALIZATION_PREFERS_STRING_CATALOGS = YES;
				MTL_ENABLE_DEBUG_INFO = NO;
				MTL_FAST_MATH = YES;
				SWIFT_COMPILATION_MODE = wholemodule;
			};
			name = Release;
		};
		F3C039D630150B02002FC2F8 /* Debug */ = {
			isa = XCBuildConfiguration;
			buildSettings = {
				ASSETCATALOG_COMPILER_APPICON_NAME = AppIcon;
				ASSETCATALOG_COMPILER_GLOBAL_ACCENT_COLOR_NAME = AccentColor;
				CODE_SIGN_ENTITLEMENTS = ProcureGate/ProcureGate.entitlements;
				CODE_SIGN_STYLE = Automatic;
				CURRENT_PROJECT_VERSION = 1;
				DEVELOPMENT_TEAM = T5543525Z3;
				ENABLE_HARDENED_RUNTIME = YES;
				ENABLE_PREVIEWS = YES;
				GENERATE_INFOPLIST_FILE = YES;
				INFOPLIST_FILE = ProcureGate/Info.plist;
				"INFOPLIST_KEY_UIApplicationSceneManifest_Generation[sdk=iphoneos*]" = YES;
				"INFOPLIST_KEY_UIApplicationSceneManifest_Generation[sdk=iphonesimulator*]" = YES;
				"INFOPLIST_KEY_UIApplicationSupportsIndirectInputEvents[sdk=iphoneos*]" = YES;
				"INFOPLIST_KEY_UIApplicationSupportsIndirectInputEvents[sdk=iphonesimulator*]" = YES;
				"INFOPLIST_KEY_UILaunchScreen_Generation[sdk=iphoneos*]" = YES;
				"INFOPLIST_KEY_UILaunchScreen_Generation[sdk=iphonesimulator*]" = YES;
				"INFOPLIST_KEY_UIStatusBarStyle[sdk=iphoneos*]" = UIStatusBarStyleDefault;
				"INFOPLIST_KEY_UIStatusBarStyle[sdk=iphonesimulator*]" = UIStatusBarStyleDefault;
				INFOPLIST_KEY_UISupportedInterfaceOrientations_iPad = "UIInterfaceOrientationPortrait UIInterfaceOrientationPortraitUpsideDown UIInterfaceOrientationLandscapeLeft UIInterfaceOrientationLandscapeRight";
				INFOPLIST_KEY_UISupportedInterfaceOrientations_iPhone = "UIInterfaceOrientationPortrait UIInterfaceOrientationLandscapeLeft UIInterfaceOrientationLandscapeRight";
				IPHONEOS_DEPLOYMENT_TARGET = 18.5;
				LD_RUNPATH_SEARCH_PATHS = "@executable_path/Frameworks";
				"LD_RUNPATH_SEARCH_PATHS[sdk=macosx*]" = "@executable_path/../Frameworks";
				MACOSX_DEPLOYMENT_TARGET = 15.5;
				MARKETING_VERSION = 1.0;
				PRODUCT_BUNDLE_IDENTIFIER = com.ysy42.ProcureGate;
				PRODUCT_NAME = "$(TARGET_NAME)";
				REGISTER_APP_GROUPS = YES;
				SDKROOT = auto;
				SUPPORTED_PLATFORMS = "iphoneos iphonesimulator macosx xros xrsimulator";
				SWIFT_EMIT_LOC_STRINGS = YES;
				SWIFT_VERSION = 5.0;
				TARGETED_DEVICE_FAMILY = "1,2,7";
				XROS_DEPLOYMENT_TARGET = 2.5;
			};
			name = Debug;
		};
		F3C039D730150B02002FC2F8 /* Release */ = {
			isa = XCBuildConfiguration;
			buildSettings = {
				ASSETCATALOG_COMPILER_APPICON_NAME = AppIcon;
				ASSETCATALOG_COMPILER_GLOBAL_ACCENT_COLOR_NAME = AccentColor;
				CODE_SIGN_ENTITLEMENTS = ProcureGate/ProcureGate.entitlements;
				CODE_SIGN_STYLE = Automatic;
				CURRENT_PROJECT_VERSION = 1;
				DEVELOPMENT_TEAM = T5543525Z3;
				ENABLE_HARDENED_RUNTIME = YES;
				ENABLE_PREVIEWS = YES;
				GENERATE_INFOPLIST_FILE = YES;
				INFOPLIST_FILE = ProcureGate/Info.plist;
				"INFOPLIST_KEY_UIApplicationSceneManifest_Generation[sdk=iphoneos*]" = YES;
				"INFOPLIST_KEY_UIApplicationSceneManifest_Generation[sdk=iphonesimulator*]" = YES;
				"INFOPLIST_KEY_UIApplicationSupportsIndirectInputEvents[sdk=iphoneos*]" = YES;
				"INFOPLIST_KEY_UIApplicationSupportsIndirectInputEvents[sdk=iphonesimulator*]" = YES;
				"INFOPLIST_KEY_UILaunchScreen_Generation[sdk=iphoneos*]" = YES;
				"INFOPLIST_KEY_UILaunchScreen_Generation[sdk=iphonesimulator*]" = YES;
				"INFOPLIST_KEY_UIStatusBarStyle[sdk=iphoneos*]" = UIStatusBarStyleDefault;
				"INFOPLIST_KEY_UIStatusBarStyle[sdk=iphonesimulator*]" = UIStatusBarStyleDefault;
				INFOPLIST_KEY_UISupportedInterfaceOrientations_iPad = "UIInterfaceOrientationPortrait UIInterfaceOrientationPortraitUpsideDown UIInterfaceOrientationLandscapeLeft UIInterfaceOrientationLandscapeRight";
				INFOPLIST_KEY_UISupportedInterfaceOrientations_iPhone = "UIInterfaceOrientationPortrait UIInterfaceOrientationLandscapeLeft UIInterfaceOrientationLandscapeRight";
				IPHONEOS_DEPLOYMENT_TARGET = 18.5;
				LD_RUNPATH_SEARCH_PATHS = "@executable_path/Frameworks";
				"LD_RUNPATH_SEARCH_PATHS[sdk=macosx*]" = "@executable_path/../Frameworks";
				MACOSX_DEPLOYMENT_TARGET = 15.5;
				MARKETING_VERSION = 1.0;
				PRODUCT_BUNDLE_IDENTIFIER = com.ysy42.ProcureGate;
				PRODUCT_NAME = "$(TARGET_NAME)";
				REGISTER_APP_GROUPS = YES;
				SDKROOT = auto;
				SUPPORTED_PLATFORMS = "iphoneos iphonesimulator macosx xros xrsimulator";
				SWIFT_EMIT_LOC_STRINGS = YES;
				SWIFT_VERSION = 5.0;
				TARGETED_DEVICE_FAMILY = "1,2,7";
				XROS_DEPLOYMENT_TARGET = 2.5;
			};
			name = Release;
		};
		F3C039D930150B02002FC2F8 /* Debug */ = {
			isa = XCBuildConfiguration;
			buildSettings = {
				BUNDLE_LOADER = "$(TEST_HOST)";
				CODE_SIGN_STYLE = Automatic;
				CURRENT_PROJECT_VERSION = 1;
				DEVELOPMENT_TEAM = T5543525Z3;
				GENERATE_INFOPLIST_FILE = YES;
				IPHONEOS_DEPLOYMENT_TARGET = 18.5;
				MACOSX_DEPLOYMENT_TARGET = 15.5;
				MARKETING_VERSION = 1.0;
				PRODUCT_BUNDLE_IDENTIFIER = com.ysy42.ProcureGateTests;
				PRODUCT_NAME = "$(TARGET_NAME)";
				SDKROOT = auto;
				SUPPORTED_PLATFORMS = "iphoneos iphonesimulator macosx xros xrsimulator";
				SWIFT_EMIT_LOC_STRINGS = NO;
				SWIFT_VERSION = 5.0;
				TARGETED_DEVICE_FAMILY = "1,2,7";
				TEST_HOST = "$(BUILT_PRODUCTS_DIR)/ProcureGate.app/$(BUNDLE_EXECUTABLE_FOLDER_PATH)/ProcureGate";
				XROS_DEPLOYMENT_TARGET = 2.5;
			};
			name = Debug;
		};
		F3C039DA30150B02002FC2F8 /* Release */ = {
			isa = XCBuildConfiguration;
			buildSettings = {
				BUNDLE_LOADER = "$(TEST_HOST)";
				CODE_SIGN_STYLE = Automatic;
				CURRENT_PROJECT_VERSION = 1;
				DEVELOPMENT_TEAM = T5543525Z3;
				GENERATE_INFOPLIST_FILE = YES;
				IPHONEOS_DEPLOYMENT_TARGET = 18.5;
				MACOSX_DEPLOYMENT_TARGET = 15.5;
				MARKETING_VERSION = 1.0;
				PRODUCT_BUNDLE_IDENTIFIER = com.ysy42.ProcureGateTests;
				PRODUCT_NAME = "$(TARGET_NAME)";
				SDKROOT = auto;
				SUPPORTED_PLATFORMS = "iphoneos iphonesimulator macosx xros xrsimulator";
				SWIFT_EMIT_LOC_STRINGS = NO;
				SWIFT_VERSION = 5.0;
				TARGETED_DEVICE_FAMILY = "1,2,7";
				TEST_HOST = "$(BUILT_PRODUCTS_DIR)/ProcureGate.app/$(BUNDLE_EXECUTABLE_FOLDER_PATH)/ProcureGate";
				XROS_DEPLOYMENT_TARGET = 2.5;
			};
			name = Release;
		};
		F3C039DC30150B02002FC2F8 /* Debug */ = {
			isa = XCBuildConfiguration;
			buildSettings = {
				CODE_SIGN_STYLE = Automatic;
				CURRENT_PROJECT_VERSION = 1;
				DEVELOPMENT_TEAM = T5543525Z3;
				GENERATE_INFOPLIST_FILE = YES;
				IPHONEOS_DEPLOYMENT_TARGET = 18.5;
				MACOSX_DEPLOYMENT_TARGET = 15.5;
				MARKETING_VERSION = 1.0;
				PRODUCT_BUNDLE_IDENTIFIER = com.ysy42.ProcureGateUITests;
				PRODUCT_NAME = "$(TARGET_NAME)";
				SDKROOT = auto;
				SUPPORTED_PLATFORMS = "iphoneos iphonesimulator macosx xros xrsimulator";
				SWIFT_EMIT_LOC_STRINGS = NO;
				SWIFT_VERSION = 5.0;
				TARGETED_DEVICE_FAMILY = "1,2,7";
				TEST_TARGET_NAME = ProcureGate;
				XROS_DEPLOYMENT_TARGET = 2.5;
			};
			name = Debug;
		};
		F3C039DD30150B02002FC2F8 /* Release */ = {
			isa = XCBuildConfiguration;
			buildSettings = {
				CODE_SIGN_STYLE = Automatic;
				CURRENT_PROJECT_VERSION = 1;
				DEVELOPMENT_TEAM = T5543525Z3;
				GENERATE_INFOPLIST_FILE = YES;
				IPHONEOS_DEPLOYMENT_TARGET = 18.5;
				MACOSX_DEPLOYMENT_TARGET = 15.5;
				MARKETING_VERSION = 1.0;
				PRODUCT_BUNDLE_IDENTIFIER = com.ysy42.ProcureGateUITests;
				PRODUCT_NAME = "$(TARGET_NAME)";
				SDKROOT = auto;
				SUPPORTED_PLATFORMS = "iphoneos iphonesimulator macosx xros xrsimulator";
				SWIFT_EMIT_LOC_STRINGS = NO;
				SWIFT_VERSION = 5.0;
				TARGETED_DEVICE_FAMILY = "1,2,7";
				TEST_TARGET_NAME = ProcureGate;
				XROS_DEPLOYMENT_TARGET = 2.5;
			};
			name = Release;
		};
/* End XCBuildConfiguration section */

/* Begin XCConfigurationList section */
		F3C039AE30150B01002FC2F8 /* Build configuration list for PBXProject "ProcureGate" */ = {
			isa = XCConfigurationList;
			buildConfigurations = (
				F3C039D330150B02002FC2F8 /* Debug */,
				F3C039D430150B02002FC2F8 /* Release */,
			);
			defaultConfigurationIsVisible = 0;
			defaultConfigurationName = Release;
		};
		F3C039D530150B02002FC2F8 /* Build configuration list for PBXNativeTarget "ProcureGate" */ = {
			isa = XCConfigurationList;
			buildConfigurations = (
				F3C039D630150B02002FC2F8 /* Debug */,
				F3C039D730150B02002FC2F8 /* Release */,
			);
			defaultConfigurationIsVisible = 0;
			defaultConfigurationName = Release;
		};
		F3C039D830150B02002FC2F8 /* Build configuration list for PBXNativeTarget "ProcureGateTests" */ = {
			isa = XCConfigurationList;
			buildConfigurations = (
				F3C039D930150B02002FC2F8 /* Debug */,
				F3C039DA30150B02002FC2F8 /* Release */,
			);
			defaultConfigurationIsVisible = 0;
			defaultConfigurationName = Release;
		};
		F3C039DB30150B02002FC2F8 /* Build configuration list for PBXNativeTarget "ProcureGateUITests" */ = {
			isa = XCConfigurationList;
			buildConfigurations = (
				F3C039DC30150B02002FC2F8 /* Debug */,
				F3C039DD30150B02002FC2F8 /* Release */,
			);
			defaultConfigurationIsVisible = 0;
			defaultConfigurationName = Release;
		};
/* End XCConfigurationList section */
	};
	rootObject = F3C039AB30150B01002FC2F8 /* Project object */;
}
